
Microsoft Visual Studio Solution File, Format Version 12.00
# Visual Studio 15
VisualStudioVersion = 15.0.28307.168
MinimumVisualStudioVersion = 10.0.40219.1
Project("{FAE04EC0-301F-11D3-BF4B-00C04F79EFBC}") = "Ttmlchecker", "Ttmlchecker\Ttmlchecker.csproj", "{B95A4960-D23A-486E-B540-DD9243080288}"
EndProject
Global
	GlobalSection(SolutionConfigurationPlatforms) = preSolution
		Debug|Any CPU = Debug|Any CPU
		Release|Any CPU = Release|Any CPU
	EndGlobalSection
	GlobalSection(ProjectConfigurationPlatforms) = postSolution
		{B95A4960-D23A-486E-B540-DD9243080288}.Debug|Any CPU.ActiveCfg = Debug|Any CPU
		{B95A4960-D23A-486E-B540-DD9243080288}.Debug|Any CPU.Build.0 = Debug|Any CPU
		{B95A4960-D23A-486E-B540-DD9243080288}.Release|Any CPU.ActiveCfg = Release|Any CPU
		{B95A4960-D23A-486E-B540-DD9243080288}.Release|Any CPU.Build.0 = Release|Any CPU
	EndGlobalSection
	GlobalSection(SolutionProperties) = preSolution
		HideSolutionNode = FALSE
	EndGlobalSection
	GlobalSection(ExtensibilityGlobals) = postSolution
		SolutionGuid = {228A4F58-A791-451B-882A-63AB50966DF5}
	EndGlobalSection
EndGlobal
